
Microsoft Visual Studio Solution File, Format Version 12.00
# Visual Studio 15
Project("{FAE04EC0-301F-11D3-BF4B-00C04F79EFBC}") = "New Unity Project (1027A)", "Assembly-CSharp.csproj", "{A1BB5662-D90D-D852-800F-B102C951C388}"
EndProject
Project("{FAE04EC0-301F-11D3-BF4B-00C04F79EFBC}") = "New Unity Project (1027A)", "Assembly-CSharp-Editor.csproj", "{2DAF925B-7F28-65D2-33B5-A66314409D2A}"
EndProject
Global
	GlobalSection(SolutionConfigurationPlatforms) = preSolution
		Debug|Any CPU = Debug|Any CPU
		Release|Any CPU = Release|Any CPU
	EndGlobalSection
	GlobalSection(ProjectConfigurationPlatforms) = postSolution
		{A1BB5662-D90D-D852-800F-B102C951C388}.Debug|Any CPU.ActiveCfg = Debug|Any CPU
		{A1BB5662-D90D-D852-800F-B102C951C388}.Debug|Any CPU.Build.0 = Debug|Any CPU
		{A1BB5662-D90D-D852-800F-B102C951C388}.Release|Any CPU.ActiveCfg = Release|Any CPU
		{A1BB5662-D90D-D852-800F-B102C951C388}.Release|Any CPU.Build.0 = Release|Any CPU
		{2DAF925B-7F28-65D2-33B5-A66314409D2A}.Debug|Any CPU.ActiveCfg = Debug|Any CPU
		{2DAF925B-7F28-65D2-33B5-A66314409D2A}.Debug|Any CPU.Build.0 = Debug|Any CPU
		{2DAF925B-7F28-65D2-33B5-A66314409D2A}.Release|Any CPU.ActiveCfg = Release|Any CPU
		{2DAF925B-7F28-65D2-33B5-A66314409D2A}.Release|Any CPU.Build.0 = Release|Any CPU
	EndGlobalSection
	GlobalSection(SolutionProperties) = preSolution
		HideSolutionNode = FALSE
	EndGlobalSection
EndGlobal
